
Microsoft Visual Studio Solution File, Format Version 12.00
# Visual Studio Version 16
VisualStudioVersion = 16.0.29519.87
MinimumVisualStudioVersion = 10.0.40219.1
Project("{FAE04EC0-301F-11D3-BF4B-00C04F79EFBC}") = "QLDACNTT_QUANLYKHO", "QLDACNTT_QUANLYKHO\QLDACNTT_QUANLYKHO.csproj", "{94D89E9C-C280-4DFC-9342-A6F8C45E8835}"
EndProject
Global
	GlobalSection(SolutionConfigurationPlatforms) = preSolution
		Debug|Any CPU = Debug|Any CPU
		Release|Any CPU = Release|Any CPU
	EndGlobalSection
	GlobalSection(ProjectConfigurationPlatforms) = postSolution
		{94D89E9C-C280-4DFC-9342-A6F8C45E8835}.Debug|Any CPU.ActiveCfg = Debug|Any CPU
		{94D89E9C-C280-4DFC-9342-A6F8C45E8835}.Debug|Any CPU.Build.0 = Debug|Any CPU
		{94D89E9C-C280-4DFC-9342-A6F8C45E8835}.Release|Any CPU.ActiveCfg = Release|Any CPU
		{94D89E9C-C280-4DFC-9342-A6F8C45E8835}.Release|Any CPU.Build.0 = Release|Any CPU
	EndGlobalSection
	GlobalSection(SolutionProperties) = preSolution
		HideSolutionNode = FALSE
	EndGlobalSection
	GlobalSection(ExtensibilityGlobals) = postSolution
		SolutionGuid = {B2D3A836-840D-415D-B7EB-B266B70299BA}
	EndGlobalSection
EndGlobal
